
Microsoft Visual Studio Solution File, Format Version 12.00
# Visual Studio 2013
VisualStudioVersion = 12.0.30501.0
MinimumVisualStudioVersion = 10.0.40219.1
Project("{FAE04EC0-301F-11D3-BF4B-00C04F79EFBC}") = "Stoker", "Stoker\Stoker.csproj", "{BE01D439-3D15-4427-B1AD-DDB17293E772}"
EndProject
Project("{FAE04EC0-301F-11D3-BF4B-00C04F79EFBC}") = "Stoker.Tests", "Stoker.Tests\Stoker.Tests.csproj", "{372C13C6-63E4-46A5-BF1E-78C05C9C4854}"
EndProject
Global
	GlobalSection(SolutionConfigurationPlatforms) = preSolution
		Debug|Any CPU = Debug|Any CPU
		Release|Any CPU = Release|Any CPU
	EndGlobalSection
	GlobalSection(ProjectConfigurationPlatforms) = postSolution
		{BE01D439-3D15-4427-B1AD-DDB17293E772}.Debug|Any CPU.ActiveCfg = Debug|Any CPU
		{BE01D439-3D15-4427-B1AD-DDB17293E772}.Debug|Any CPU.Build.0 = Debug|Any CPU
		{BE01D439-3D15-4427-B1AD-DDB17293E772}.Release|Any CPU.ActiveCfg = Release|Any CPU
		{BE01D439-3D15-4427-B1AD-DDB17293E772}.Release|Any CPU.Build.0 = Release|Any CPU
		{372C13C6-63E4-46A5-BF1E-78C05C9C4854}.Debug|Any CPU.ActiveCfg = Debug|Any CPU
		{372C13C6-63E4-46A5-BF1E-78C05C9C4854}.Debug|Any CPU.Build.0 = Debug|Any CPU
		{372C13C6-63E4-46A5-BF1E-78C05C9C4854}.Release|Any CPU.ActiveCfg = Release|Any CPU
		{372C13C6-63E4-46A5-BF1E-78C05C9C4854}.Release|Any CPU.Build.0 = Release|Any CPU
	EndGlobalSection
	GlobalSection(SolutionProperties) = preSolution
		HideSolutionNode = FALSE
	EndGlobalSection
EndGlobal
